<?xml version="1.0" encoding="utf-8"?>
<Project ToolsVersion="4.0" xmlns="http://schemas.microsoft.com/developer/msbuild/2003">
  <ItemGroup>
    <Filter Include="Jaeger">
      <UniqueIdentifier>{133291BB-FFD3-BB91-E88E-CFE5D4CF42E2}</UniqueIdentifier>
    </Filter>
    <Filter Include="Jaeger\Events">
      <UniqueIdentifier>{976A5D1E-032B-D954-CC65-22D238E51D31}</UniqueIdentifier>
    </Filter>
  </ItemGroup>
  <ItemGroup>
    <ClInclude Include="src\Jaeger.h" />
    <ClInclude Include="src\Jaeger\Application.h">
      <Filter>Jaeger</Filter>
    </ClInclude>
    <ClInclude Include="src\Jaeger\Core.h">
      <Filter>Jaeger</Filter>
    </ClInclude>
    <ClInclude Include="src\Jaeger\EntryPoint.h">
      <Filter>Jaeger</Filter>
    </ClInclude>
    <ClInclude Include="src\Jaeger\Events\ApplicationEvent.h">
      <Filter>Jaeger\Events</Filter>
    </ClInclude>
    <ClInclude Include="src\Jaeger\Events\Event.h">
      <Filter>Jaeger\Events</Filter>
    </ClInclude>
    <ClInclude Include="src\Jaeger\Events\KeyEvent.h">
      <Filter>Jaeger\Events</Filter>
    </ClInclude>
    <ClInclude Include="src\Jaeger\Events\MouseEvent.h">
      <Filter>Jaeger\Events</Filter>
    </ClInclude>
    <ClInclude Include="src\Jaeger\Log.h">
      <Filter>Jaeger</Filter>
    </ClInclude>
    <ClInclude Include="src\jgpch.h" />
    <ClInclude Include="src\Jaeger\Window.h" />
    <ClInclude Include="src\Platform\Windows\WindowsWindow.h" />
  </ItemGroup>
  <ItemGroup>
    <ClCompile Include="src\Jaeger\Application.cpp">
      <Filter>Jaeger</Filter>
    </ClCompile>
    <ClCompile Include="src\Jaeger\Log.cpp">
      <Filter>Jaeger</Filter>
    </ClCompile>
    <ClCompile Include="src\jgpch.cpp" />
    <ClCompile Include="src\Platform\Windows\WindowsWindow.cpp" />
  </ItemGroup>
</Project>